<?xml version="1.0" encoding="utf-8"?>
<Project ToolsVersion="4.0" xmlns:atg="http://atg.xbox.com" xmlns="http://schemas.microsoft.com/developer/msbuild/2003">
  <ItemGroup>
    <Filter Include="Resource Files">
      <UniqueIdentifier>{8e114980-c1a3-4ada-ad7c-83caadf5daeb}</UniqueIdentifier>
      <Extensions>rc;ico;cur;bmp;dlg;rc2;rct;bin;rgs;gif;jpg;jpeg;jpe</Extensions>
    </Filter>
    <Filter Include="DXUT">
      <UniqueIdentifier>{a43c5c25-0e86-4a20-b64a-883785ff74fd}</UniqueIdentifier>
    </Filter>
    <Filter Include="include">
      <UniqueIdentifier>{9d37b89d-80bd-4216-8205-1ac4ce3cee09}</UniqueIdentifier>
    </Filter>
    <Filter Include="Base">
      <UniqueIdentifier>{e25ef083-1dbf-4857-bb7d-92dda95d9210}</UniqueIdentifier>
    </Filter>
    <Filter Include="Shader">
      <UniqueIdentifier>{9d5461a6-68c2-4d7d-b57b-c628156afadf}</UniqueIdentifier>
    </Filter>
  </ItemGroup>
  <ItemGroup>
    <None Include="DXUT\Optional\directx.ico">
      <Filter>Resource Files</Filter>
    </None>
    <None Include="Shader.fx">
      <Filter>Shader</Filter>
    </None>
  </ItemGroup>
  <ItemGroup>
    <ClCompile Include="main.cpp" />
    <ClCompile Include="SystemClass.cpp" />
    <ClCompile Include="DXClass.cpp" />
    <ClCompile Include="Sprite2D.cpp" />
    <ClCompile Include="Game.cpp" />
    <ClCompile Include="BitmapManager.cpp">
      <Filter>Base</Filter>
    </ClCompile>
    <ClCompile Include="ShaderManager.cpp">
      <Filter>Shader</Filter>
    </ClCompile>
  </ItemGroup>
  <ItemGroup>
    <CLInclude Include="resource.h">
      <Filter>Resource Files</Filter>
    </CLInclude>
    <ResourceCompile Include="DirectX9_Sprite_Project.rc">
      <Filter>Resource Files</Filter>
    </ResourceCompile>
    <ClInclude Include="SystemClass.h" />
    <ClInclude Include="DXClass.h" />
    <ClInclude Include="Defines.h" />
    <ClInclude Include="ISprite.h" />
    <ClInclude Include="Sprite2D.h" />
    <ClInclude Include="BasicHeader.h">
      <Filter>include</Filter>
    </ClInclude>
    <ClInclude Include="UserDefinedHeader.h">
      <Filter>include</Filter>
    </ClInclude>
    <ClInclude Include="Game.h" />
    <ClInclude Include="BitmapManager.h">
      <Filter>Base</Filter>
    </ClInclude>
    <ClInclude Include="ShaderManager.h">
      <Filter>Shader</Filter>
    </ClInclude>
  </ItemGroup>
</Project>